{
  "name": "kd-sec-tools",
  "version": "3.0.0",
  "lockfileVersion": 3,
  "requires": true,
  "packages": {
    "": {
      "name": "kd-sec-tools",
      "version": "3.0.0",
      "dependencies": {
        "libphonenumber-js": "^1.13.15",
        "tldts": "^7.0.0",
        "undici": "^7.0.0",
        "zxcvbn": "^4.4.2"
      },
      "engines": {
        "node": ">=22"
      }
    },
    "node_modules/libphonenumber-js": {
      "version": "1.13.15",
      "resolved": "https://registry.npmjs.org/libphonenumber-js/-/libphonenumber-js-1.13.15.tgz",
      "integrity": "sha512-AHdhEQeDFEJ4GKDAQ9AwxChy+v2kUILUB3TGQRpkXMkWePjXTU/WQEzWVQoIx/Gz8fE73Wr5SEuZCy2vk8jrMQ==",
      "license": "MIT"
    },
    "node_modules/tldts": {
      "version": "7.4.18",
      "resolved": "https://registry.npmjs.org/tldts/-/tldts-7.4.18.tgz",
      "integrity": "sha512-somxA8xKAUzlAxl0TX/jMSYIbRNFIVGnI96pVGJPeMc5BsHmfVXn6mOJT6U++ELnl04eGfzpfcEuZe8WiASkXg==",
      "license": "MIT",
      "dependencies": {
        "tldts-core": "^7.4.18"
      },
      "bin": {
        "tldts": "bin/cli.js"
      }
    },
    "node_modules/tldts-core": {
      "version": "7.4.18",
      "resolved": "https://registry.npmjs.org/tldts-core/-/tldts-core-7.4.18.tgz",
      "integrity": "sha512-KI2PKvCmvQI/xD6ypPqkU0i7oxNXR/O58RLRaHR4svsgVUQ2JE/XC8BtMbG6PSehD27I8sZJRcC1ASnCy6lp3g==",
      "license": "MIT"
    },
    "node_modules/undici": {
      "version": "7.30.0",
      "resolved": "https://registry.npmjs.org/undici/-/undici-7.30.0.tgz",
      "integrity": "sha512-dkrQXeHSaoamnItlYbmzG0wFYrM0ZwDxCIg0A7aKjTyyhh9svRzCNFEzV+Vm05/yehjCzjDZ31KXfGEjYSztDQ==",
      "license": "MIT",
      "engines": {
        "node": ">=20.18.1"
      }
    },
    "node_modules/zxcvbn": {
      "version": "4.4.2",
      "resolved": "https://registry.npmjs.org/zxcvbn/-/zxcvbn-4.4.2.tgz",
      "integrity": "sha512-Bq0B+ixT/DMyG8kgX2xWcI5jUvCwqrMxSFam7m0lAf78nf04hv6lNCsyLYdyYTrCVMqNDY/206K7eExYCeSyUQ==",
      "license": "MIT"
    }
  }
}
